// !$*UTF8*$!
{
	archiveVersion = 1;
	classes = {
	};
	objectVersion = 50;
	objects = {

/* Begin PBXBuildFile section */
		3A96EE1C21B17A790022F6AC /* AppDelegate.swift in Sources */ = {isa = PBXBuildFile; fileRef = 3A96EE1B21B17A790022F6AC /* AppDelegate.swift */; };
		3A96EE1E21B17A790022F6AC /* ViewController.swift in Sources */ = {isa = PBXBuildFile; fileRef = 3A96EE1D21B17A790022F6AC /* ViewController.swift */; };
		3A96EE2121B17A790022F6AC /* Main.storyboard in Resources */ = {isa = PBXBuildFile; fileRef = 3A96EE1F21B17A790022F6AC /* Main.storyboard */; };
		3A96EE2321B17A790022F6AC /* Assets.xcassets in Resources */ = {isa = PBXBuildFile; fileRef = 3A96EE2221B17A790022F6AC /* Assets.xcassets */; };
		3A96EE2621B17A790022F6AC /* LaunchScreen.storyboard in Resources */ = {isa = PBXBuildFile; fileRef = 3A96EE2421B17A790022F6AC /* LaunchScreen.storyboard */; };
		3A96EE2E21B188360022F6AC /* Shaders.metal in Sources */ = {isa = PBXBuildFile; fileRef = 3A96EE2D21B188360022F6AC /* Shaders.metal */; };
/* End PBXBuildFile section */

/* Begin PBXFileReference section */
		3A96EE1821B17A790022F6AC /* metal2splitscreen1.app */ = {isa = PBXFileReference; explicitFileType = wrapper.application; includeInIndex = 0; path = metal2splitscreen1.app; sourceTree = BUILT_PRODUCTS_DIR; };
		3A96EE1B21B17A790022F6AC /* AppDelegate.swift */ = {isa = PBXFileReference; lastKnownFileType = sourcecode.swift; path = AppDelegate.swift; sourceTree = "<group>"; };
		3A96EE1D21B17A790022F6AC /* ViewController.swift */ = {isa = PBXFileReference; lastKnownFileType = sourcecode.swift; path = ViewController.swift; sourceTree = "<group>"; };
		3A96EE2021B17A790022F6AC /* Base */ = {isa = PBXFileReference; lastKnownFileType = file.storyboard; name = Base; path = Base.lproj/Main.storyboard; sourceTree = "<group>"; };
		3A96EE2221B17A790022F6AC /* Assets.xcassets */ = {isa = PBXFileReference; lastKnownFileType = folder.assetcatalog; path = Assets.xcassets; sourceTree = "<group>"; };
		3A96EE2521B17A790022F6AC /* Base */ = {isa = PBXFileReference; lastKnownFileType = file.storyboard; name = Base; path = Base.lproj/LaunchScreen.storyboard; sourceTree = "<group>"; };
		3A96EE2721B17A790022F6AC /* Info.plist */ = {isa = PBXFileReference; lastKnownFileType = text.plist.xml; path = Info.plist; sourceTree = "<group>"; };
		3A96EE2D21B188360022F6AC /* Shaders.metal */ = {isa = PBXFileReference; lastKnownFileType = sourcecode.metal; path = Shaders.metal; sourceTree = "<group>"; };
/* End PBXFileReference section */

/* Begin PBXFrameworksBuildPhase section */
		3A96EE1521B17A790022F6AC /* Frameworks */ = {
			isa = PBXFrameworksBuildPhase;
			buildActionMask = 2147483647;
			files = (
			);
			runOnlyForDeploymentPostprocessing = 0;
		};
/* End PBXFrameworksBuildPhase section */

/* Begin PBXGroup section */
		3A96EE0F21B17A790022F6AC = {
			isa = PBXGroup;
			children = (
				3A96EE1A21B17A790022F6AC /* metal2splitscreen1 */,
				3A96EE1921B17A790022F6AC /* Products */,
			);
			sourceTree = "<group>";
		};
		3A96EE1921B17A790022F6AC /* Products */ = {
			isa = PBXGroup;
			children = (
				3A96EE1821B17A790022F6AC /* metal2splitscreen1.app */,
			);
			name = Products;
			sourceTree = "<group>";
		};
		3A96EE1A21B17A790022F6AC /* metal2splitscreen1 */ = {
			isa = PBXGroup;
			children = (
				3A96EE1B21B17A790022F6AC /* AppDelegate.swift */,
				3A96EE1D21B17A790022F6AC /* ViewController.swift */,
				3A96EE2D21B188360022F6AC /* Shaders.metal */,
				3A96EE1F21B17A790022F6AC /* Main.storyboard */,
				3A96EE2221B17A790022F6AC /* Assets.xcassets */,
				3A96EE2421B17A790022F6AC /* LaunchScreen.storyboard */,
				3A96EE2721B17A790022F6AC /* Info.plist */,
			);
			path = metal2splitscreen1;
			sourceTree = "<group>";
		};
/* End PBXGroup section */

/* Begin PBXNativeTarget section */
		3A96EE1721B17A790022F6AC /* metal2splitscreen1 */ = {
			isa = PBXNativeTarget;
			buildConfigurationList = 3A96EE2A21B17A790022F6AC /* Build configuration list for PBXNativeTarget "metal2splitscreen1" */;
			buildPhases = (
				3A96EE1421B17A790022F6AC /* Sources */,
				3A96EE1521B17A790022F6AC /* Frameworks */,
				3A96EE1621B17A790022F6AC /* Resources */,
			);
			buildRules = (
			);
			dependencies = (
			);
			name = metal2splitscreen1;
			productName = metal2splitscreen1;
			productReference = 3A96EE1821B17A790022F6AC /* metal2splitscreen1.app */;
			productType = "com.apple.product-type.application";
		};
/* End PBXNativeTarget section */

/* Begin PBXProject section */
		3A96EE1021B17A790022F6AC /* Project object */ = {
			isa = PBXProject;
			attributes = {
				LastSwiftUpdateCheck = 0940;
				LastUpgradeCheck = 0940;
				ORGANIZATIONNAME = svattiku;
				TargetAttributes = {
					3A96EE1721B17A790022F6AC = {
						CreatedOnToolsVersion = 9.4.1;
					};
				};
			};
			buildConfigurationList = 3A96EE1321B17A790022F6AC /* Build configuration list for PBXProject "metal2splitscreen1" */;
			compatibilityVersion = "Xcode 9.3";
			developmentRegion = en;
			hasScannedForEncodings = 0;
			knownRegions = (
				en,
				Base,
			);
			mainGroup = 3A96EE0F21B17A790022F6AC;
			productRefGroup = 3A96EE1921B17A790022F6AC /* Products */;
			projectDirPath = "";
			projectRoot = "";
			targets = (
				3A96EE1721B17A790022F6AC /* metal2splitscreen1 */,
			);
		};
/* End PBXProject section */

/* Begin PBXResourcesBuildPhase section */
		3A96EE1621B17A790022F6AC /* Resources */ = {
			isa = PBXResourcesBuildPhase;
			buildActionMask = 2147483647;
			files = (
				3A96EE2621B17A790022F6AC /* LaunchScreen.storyboard in Resources */,
				3A96EE2321B17A790022F6AC /* Assets.xcassets in Resources */,
				3A96EE2121B17A790022F6AC /* Main.storyboard in Resources */,
			);
			runOnlyForDeploymentPostprocessing = 0;
		};
/* End PBXResourcesBuildPhase section */

/* Begin PBXSourcesBuildPhase section */
		3A96EE1421B17A790022F6AC /* Sources */ = {
			isa = PBXSourcesBuildPhase;
			buildActionMask = 2147483647;
			files = (
				3A96EE2E21B188360022F6AC /* Shaders.metal in Sources */,
				3A96EE1E21B17A790022F6AC /* ViewController.swift in Sources */,
				3A96EE1C21B17A790022F6AC /* AppDelegate.swift in Sources */,
			);
			runOnlyForDeploymentPostprocessing = 0;
		};
/* End PBXSourcesBuildPhase section */

/* Begin PBXVariantGroup section */
		3A96EE1F21B17A790022F6AC /* Main.storyboard */ = {
			isa = PBXVariantGroup;
			children = (
				3A96EE2021B17A790022F6AC /* Base */,
			);
			name = Main.storyboard;
			sourceTree = "<group>";
		};
		3A96EE2421B17A790022F6AC /* LaunchScreen.storyboard */ = {
			isa = PBXVariantGroup;
			children = (
				3A96EE2521B17A790022F6AC /* Base */,
			);
			name = LaunchScreen.storyboard;
			sourceTree = "<group>";
		};
/* End PBXVariantGroup section */

/* Begin XCBuildConfiguration section */
		3A96EE2821B17A790022F6AC /* Debug */ = {
			isa = XCBuildConfiguration;
			buildSettings = {
				ALWAYS_SEARCH_USER_PATHS = NO;
				CLANG_ANALYZER_NONNULL = YES;
				CLANG_ANALYZER_NUMBER_OBJECT_CONVERSION = YES_AGGRESSIVE;
				CLANG_CXX_LANGUAGE_STANDARD = "gnu++14";
				CLANG_CXX_LIBRARY = "libc++";
				CLANG_ENABLE_MODULES = YES;
				CLANG_ENABLE_OBJC_ARC = YES;
				CLANG_ENABLE_OBJC_WEAK = YES;
				CLANG_WARN_BLOCK_CAPTURE_AUTORELEASING = YES;
				CLANG_WARN_BOOL_CONVERSION = YES;
				CLANG_WARN_COMMA = YES;
				CLANG_WARN_CONSTANT_CONVERSION = YES;
				CLANG_WARN_DEPRECATED_OBJC_IMPLEMENTATIONS = YES;
				CLANG_WARN_DIRECT_OBJC_ISA_USAGE = YES_ERROR;
				CLANG_WARN_DOCUMENTATION_COMMENTS = YES;
				CLANG_WARN_EMPTY_BODY = YES;
				CLANG_WARN_ENUM_CONVERSION = YES;
				CLANG_WARN_INFINITE_RECURSION = YES;
				CLANG_WARN_INT_CONVERSION = YES;
				CLANG_WARN_NON_LITERAL_NULL_CONVERSION = YES;
				CLANG_WARN_OBJC_IMPLICIT_RETAIN_SELF = YES;
				CLANG_WARN_OBJC_LITERAL_CONVERSION = YES;
				CLANG_WARN_OBJC_ROOT_CLASS = YES_ERROR;
				CLANG_WARN_RANGE_LOOP_ANALYSIS = YES;
				CLANG_WARN_STRICT_PROTOTYPES = YES;
				CLANG_WARN_SUSPICIOUS_MOVE = YES;
				CLANG_WARN_UNGUARDED_AVAILABILITY = YES_AGGRESSIVE;
				CLANG_WARN_UNREACHABLE_CODE = YES;
				CLANG_WARN__DUPLICATE_METHOD_MATCH = YES;
				CODE_SIGN_IDENTITY = "iPhone Developer";
				COPY_PHASE_STRIP = NO;
				DEBUG_INFORMATION_FORMAT = dwarf;
				ENABLE_STRICT_OBJC_MSGSEND = YES;
				ENABLE_TESTABILITY = YES;
				GCC_C_LANGUAGE_STANDARD = gnu11;
				GCC_DYNAMIC_NO_PIC = NO;
				GCC_NO_COMMON_BLOCKS = YES;
				GCC_OPTIMIZATION_LEVEL = 0;
				GCC_PREPROCESSOR_DEFINITIONS = (
					"DEBUG=1",
					"$(inherited)",
				);
				GCC_WARN_64_TO_32_BIT_CONVERSION = YES;
				GCC_WARN_ABOUT_RETURN_TYPE = YES_ERROR;
				GCC_WARN_UNDECLARED_SELECTOR = YES;
				GCC_WARN_UNINITIALIZED_AUTOS = YES_AGGRESSIVE;
				GCC_WARN_UNUSED_FUNCTION = YES;
				GCC_WARN_UNUSED_VARIABLE = YES;
				IPHONEOS_DEPLOYMENT_TARGET = 11.4;
				MTL_ENABLE_DEBUG_INFO = YES;
				ONLY_ACTIVE_ARCH = YES;
				SDKROOT = iphoneos;
				SWIFT_ACTIVE_COMPILATION_CONDITIONS = DEBUG;
				SWIFT_OPTIMIZATION_LEVEL = "-Onone";
			};
			name = Debug;
		};
		3A96EE2921B17A790022F6AC /* Release */ = {
			isa = XCBuildConfiguration;
			buildSettings = {
				ALWAYS_SEARCH_USER_PATHS = NO;
				CLANG_ANALYZER_NONNULL = YES;
				CLANG_ANALYZER_NUMBER_OBJECT_CONVERSION = YES_AGGRESSIVE;
				CLANG_CXX_LANGUAGE_STANDARD = "gnu++14";
				CLANG_CXX_LIBRARY = "libc++";
				CLANG_ENABLE_MODULES = YES;
				CLANG_ENABLE_OBJC_ARC = YES;
				CLANG_ENABLE_OBJC_WEAK = YES;
				CLANG_WARN_BLOCK_CAPTURE_AUTORELEASING = YES;
				CLANG_WARN_BOOL_CONVERSION = YES;
				CLANG_WARN_COMMA = YES;
				CLANG_WARN_CONSTANT_CONVERSION = YES;
				CLANG_WARN_DEPRECATED_OBJC_IMPLEMENTATIONS = YES;
				CLANG_WARN_DIRECT_OBJC_ISA_USAGE = YES_ERROR;
				CLANG_WARN_DOCUMENTATION_COMMENTS = YES;
				CLANG_WARN_EMPTY_BODY = YES;
				CLANG_WARN_ENUM_CONVERSION = YES;
				CLANG_WARN_INFINITE_RECURSION = YES;
				CLANG_WARN_INT_CONVERSION = YES;
				CLANG_WARN_NON_LITERAL_NULL_CONVERSION = YES;
				CLANG_WARN_OBJC_IMPLICIT_RETAIN_SELF = YES;
				CLANG_WARN_OBJC_LITERAL_CONVERSION = YES;
				CLANG_WARN_OBJC_ROOT_CLASS = YES_ERROR;
				CLANG_WARN_RANGE_LOOP_ANALYSIS = YES;
				CLANG_WARN_STRICT_PROTOTYPES = YES;
				CLANG_WARN_SUSPICIOUS_MOVE = YES;
				CLANG_WARN_UNGUARDED_AVAILABILITY = YES_AGGRESSIVE;
				CLANG_WARN_UNREACHABLE_CODE = YES;
				CLANG_WARN__DUPLICATE_METHOD_MATCH = YES;
				CODE_SIGN_IDENTITY = "iPhone Developer";
				COPY_PHASE_STRIP = NO;
				DEBUG_INFORMATION_FORMAT = "dwarf-with-dsym";
				ENABLE_NS_ASSERTIONS = NO;
				ENABLE_STRICT_OBJC_MSGSEND = YES;
				GCC_C_LANGUAGE_STANDARD = gnu11;
				GCC_NO_COMMON_BLOCKS = YES;
				GCC_WARN_64_TO_32_BIT_CONVERSION = YES;
				GCC_WARN_ABOUT_RETURN_TYPE = YES_ERROR;
				GCC_WARN_UNDECLARED_SELECTOR = YES;
				GCC_WARN_UNINITIALIZED_AUTOS = YES_AGGRESSIVE;
				GCC_WARN_UNUSED_FUNCTION = YES;
				GCC_WARN_UNUSED_VARIABLE = YES;
				IPHONEOS_DEPLOYMENT_TARGET = 11.4;
				MTL_ENABLE_DEBUG_INFO = NO;
				SDKROOT = iphoneos;
				SWIFT_COMPILATION_MODE = wholemodule;
				SWIFT_OPTIMIZATION_LEVEL = "-O";
				VALIDATE_PRODUCT = YES;
			};
			name = Release;
		};
		3A96EE2B21B17A790022F6AC /* Debug */ = {
			isa = XCBuildConfiguration;
			buildSettings = {
				ASSETCATALOG_COMPILER_APPICON_NAME = AppIcon;
				CODE_SIGN_STYLE = Automatic;
				DEVELOPMENT_TEAM = GA7XD7LU66;
				INFOPLIST_FILE = metal2splitscreen1/Info.plist;
				LD_RUNPATH_SEARCH_PATHS = (
					"$(inherited)",
					"@executable_path/Frameworks",
				);
				PRODUCT_BUNDLE_IDENTIFIER = com.sv.metal2splitscreen1;
				PRODUCT_NAME = "$(TARGET_NAME)";
				SWIFT_VERSION = 4.0;
				TARGETED_DEVICE_FAMILY = "1,2";
			};
			name = Debug;
		};
		3A96EE2C21B17A790022F6AC /* Release */ = {
			isa = XCBuildConfiguration;
			buildSettings = {
				ASSETCATALOG_COMPILER_APPICON_NAME = AppIcon;
				CODE_SIGN_STYLE = Automatic;
				DEVELOPMENT_TEAM = GA7XD7LU66;
				INFOPLIST_FILE = metal2splitscreen1/Info.plist;
				LD_RUNPATH_SEARCH_PATHS = (
					"$(inherited)",
					"@executable_path/Frameworks",
				);
				PRODUCT_BUNDLE_IDENTIFIER = com.sv.metal2splitscreen1;
				PRODUCT_NAME = "$(TARGET_NAME)";
				SWIFT_VERSION = 4.0;
				TARGETED_DEVICE_FAMILY = "1,2";
			};
			name = Release;
		};
/* End XCBuildConfiguration section */

/* Begin XCConfigurationList section */
		3A96EE1321B17A790022F6AC /* Build configuration list for PBXProject "metal2splitscreen1" */ = {
			isa = XCConfigurationList;
			buildConfigurations = (
				3A96EE2821B17A790022F6AC /* Debug */,
				3A96EE2921B17A790022F6AC /* Release */,
			);
			defaultConfigurationIsVisible = 0;
			defaultConfigurationName = Release;
		};
		3A96EE2A21B17A790022F6AC /* Build configuration list for PBXNativeTarget "metal2splitscreen1" */ = {
			isa = XCConfigurationList;
			buildConfigurations = (
				3A96EE2B21B17A790022F6AC /* Debug */,
				3A96EE2C21B17A790022F6AC /* Release */,
			);
			defaultConfigurationIsVisible = 0;
			defaultConfigurationName = Release;
		};
/* End XCConfigurationList section */
	};
	rootObject = 3A96EE1021B17A790022F6AC /* Project object */;
}
